
Microsoft Visual Studio Solution File, Format Version 12.00
# Visual Studio Version 16
VisualStudioVersion = 16.0.30204.135
MinimumVisualStudioVersion = 10.0.40219.1
Project("{FAE04EC0-301F-11D3-BF4B-00C04F79EFBC}") = "pocketMill", "pocketMill\pocketMill.csproj", "{09B11E49-448B-472C-9B31-6737E8E7E14C}"
EndProject
Global
	GlobalSection(SolutionConfigurationPlatforms) = preSolution
		Debug|Any CPU = Debug|Any CPU
		Debug|x64 = Debug|x64
		Release|Any CPU = Release|Any CPU
		Release|x64 = Release|x64
	EndGlobalSection
	GlobalSection(ProjectConfigurationPlatforms) = postSolution
		{09B11E49-448B-472C-9B31-6737E8E7E14C}.Debug|Any CPU.ActiveCfg = Debug|Any CPU
		{09B11E49-448B-472C-9B31-6737E8E7E14C}.Debug|Any CPU.Build.0 = Debug|Any CPU
		{09B11E49-448B-472C-9B31-6737E8E7E14C}.Debug|x64.ActiveCfg = Debug|x64
		{09B11E49-448B-472C-9B31-6737E8E7E14C}.Debug|x64.Build.0 = Debug|x64
		{09B11E49-448B-472C-9B31-6737E8E7E14C}.Release|Any CPU.ActiveCfg = Release|Any CPU
		{09B11E49-448B-472C-9B31-6737E8E7E14C}.Release|Any CPU.Build.0 = Release|Any CPU
		{09B11E49-448B-472C-9B31-6737E8E7E14C}.Release|x64.ActiveCfg = Release|x64
		{09B11E49-448B-472C-9B31-6737E8E7E14C}.Release|x64.Build.0 = Release|x64
	EndGlobalSection
	GlobalSection(SolutionProperties) = preSolution
		HideSolutionNode = FALSE
	EndGlobalSection
	GlobalSection(ExtensibilityGlobals) = postSolution
		SolutionGuid = {A08FF802-A048-4348-8620-C893B4FAA795}
	EndGlobalSection
EndGlobal
